Microsoft Visual Studio Solution File, Format Version 12.00
# Visual Studio Version 17
VisualStudioVersion = 17.5.2.0
MinimumVisualStudioVersion = 10.0.40219.1
Project("{FAE04EC0-301F-11D3-BF4B-00C04F79EFBC}") = "exercise-1-calculator", "exercise-1-calculator.csproj", "{AF46A4DD-A027-23A2-B726-A9566392C05B}"
EndProject
Global
	GlobalSection(SolutionConfigurationPlatforms) = preSolution
		Debug|Any CPU = Debug|Any CPU
		Release|Any CPU = Release|Any CPU
	EndGlobalSection
	GlobalSection(ProjectConfigurationPlatforms) = postSolution
		{AF46A4DD-A027-23A2-B726-A9566392C05B}.Debug|Any CPU.ActiveCfg = Debug|Any CPU
		{AF46A4DD-A027-23A2-B726-A9566392C05B}.Debug|Any CPU.Build.0 = Debug|Any CPU
		{AF46A4DD-A027-23A2-B726-A9566392C05B}.Release|Any CPU.ActiveCfg = Release|Any CPU
		{AF46A4DD-A027-23A2-B726-A9566392C05B}.Release|Any CPU.Build.0 = Release|Any CPU
	EndGlobalSection
	GlobalSection(SolutionProperties) = preSolution
		HideSolutionNode = FALSE
	EndGlobalSection
	GlobalSection(ExtensibilityGlobals) = postSolution
		SolutionGuid = {C4D3C3E5-C10D-4C6A-A6B7-212A01A2EAE3}
	EndGlobalSection
EndGlobal
